{
  "name": "my-corona-data",
  "version": "1.0.0",
  "lockfileVersion": 1,
  "requires": true,
  "dependencies": {
    "csv-parse": {
      "version": "4.8.8",
      "resolved": "https://registry.npmjs.org/csv-parse/-/csv-parse-4.8.8.tgz",
      "integrity": "sha512-Kv3Ilz2GV58dOoHBXRCTF8ijxlLjl80bG3d67XPI6DNqffb3AnbPbKr/WvCUMJq5V0AZYi6sukOaOQAVpfuVbg=="
    }
  }
}
